// !$*UTF8*$!
{
	archiveVersion = 1;
	classes = {
	};
	objectVersion = 46;
	objects = {

/* Begin PBXBuildFile section */
		1F4D759B1FAC4BB800E6516C /* UIImage+GKContact.m in Sources */ = {isa = PBXBuildFile; fileRef = 1F4D755B1FAC4BB700E6516C /* UIImage+GKContact.m */; };
		1F4D759C1FAC4BB800E6516C /* UIButton+EnlargeEdge.m in Sources */ = {isa = PBXBuildFile; fileRef = 1F4D75601FAC4BB700E6516C /* UIButton+EnlargeEdge.m */; };
		1F4D759D1FAC4BB800E6516C /* UIButton+Universal.m in Sources */ = {isa = PBXBuildFile; fileRef = 1F4D75611FAC4BB700E6516C /* UIButton+Universal.m */; };
		1F4D759E1FAC4BB800E6516C /* UIColor+FM_UserHeadImage.m in Sources */ = {isa = PBXBuildFile; fileRef = 1F4D75631FAC4BB700E6516C /* UIColor+FM_UserHeadImage.m */; };
		1F4D759F1FAC4BB800E6516C /* UIColor+fm_color.m in Sources */ = {isa = PBXBuildFile; fileRef = 1F4D75641FAC4BB700E6516C /* UIColor+fm_color.m */; };
		1F4D75A01FAC4BB800E6516C /* SXLoadingView.m in Sources */ = {isa = PBXBuildFile; fileRef = 1F4D75691FAC4BB700E6516C /* SXLoadingView.m */; };
		1F4D75A11FAC4BB800E6516C /* FMUserLoginViewController.m in Sources */ = {isa = PBXBuildFile; fileRef = 1F4D756D1FAC4BB800E6516C /* FMUserLoginViewController.m */; };
		1F4D75A21FAC4BB800E6516C /* FMLoginViewController.m in Sources */ = {isa = PBXBuildFile; fileRef = 1F4D75701FAC4BB800E6516C /* FMLoginViewController.m */; };
		1F4D75A31FAC4BB800E6516C /* FMHandLoginVC.m in Sources */ = {isa = PBXBuildFile; fileRef = 1F4D75721FAC4BB800E6516C /* FMHandLoginVC.m */; };
		1F4D75A41FAC4BB800E6516C /* UserModel.m in Sources */ = {isa = PBXBuildFile; fileRef = 1F4D75751FAC4BB800E6516C /* UserModel.m */; };
		1F4D75A51FAC4BB800E6516C /* FMSerachService.m in Sources */ = {isa = PBXBuildFile; fileRef = 1F4D75761FAC4BB800E6516C /* FMSerachService.m */; };
		1F4D75A61FAC4BB800E6516C /* DGPopUpViewTextView.m in Sources */ = {isa = PBXBuildFile; fileRef = 1F4D75791FAC4BB800E6516C /* DGPopUpViewTextView.m */; };
		1F4D75A71FAC4BB800E6516C /* DGPopUpViewTextView.xib in Resources */ = {isa = PBXBuildFile; fileRef = 1F4D757A1FAC4BB800E6516C /* DGPopUpViewTextView.xib */; };
		1F4D75A81FAC4BB800E6516C /* FMLoginTextField.m in Sources */ = {isa = PBXBuildFile; fileRef = 1F4D757D1FAC4BB800E6516C /* FMLoginTextField.m */; };
		1F4D75A91FAC4BB800E6516C /* FABaseVC.m in Sources */ = {isa = PBXBuildFile; fileRef = 1F4D75801FAC4BB800E6516C /* FABaseVC.m */; };
		1F4D75AA1FAC4BB800E6516C /* WBUser+CoreDataProperties.m in Sources */ = {isa = PBXBuildFile; fileRef = 1F4D75831FAC4BB800E6516C /* WBUser+CoreDataProperties.m */; };
		1F4D75AB1FAC4BB800E6516C /* WBLocalAsset+CoreDataClass.m in Sources */ = {isa = PBXBuildFile; fileRef = 1F4D75841FAC4BB800E6516C /* WBLocalAsset+CoreDataClass.m */; };
		1F4D75AC1FAC4BB800E6516C /* WBUser+CoreDataClass.m in Sources */ = {isa = PBXBuildFile; fileRef = 1F4D75851FAC4BB800E6516C /* WBUser+CoreDataClass.m */; };
		1F4D75AD1FAC4BB800E6516C /* WBLocalAsset+CoreDataProperties.m in Sources */ = {isa = PBXBuildFile; fileRef = 1F4D758A1FAC4BB800E6516C /* WBLocalAsset+CoreDataProperties.m */; };
		1F4D75AE1FAC4BB800E6516C /* WisnucBox.xcdatamodeld in Sources */ = {isa = PBXBuildFile; fileRef = 1F4D758B1FAC4BB800E6516C /* WisnucBox.xcdatamodeld */; };
		1F4D75AF1FAC4BB800E6516C /* FilesServices.m in Sources */ = {isa = PBXBuildFile; fileRef = 1F4D75911FAC4BB800E6516C /* FilesServices.m */; };
		1F4D75B01FAC4BB800E6516C /* AssetsServices.m in Sources */ = {isa = PBXBuildFile; fileRef = 1F4D75951FAC4BB800E6516C /* AssetsServices.m */; };
		1F4D75B11FAC4BB800E6516C /* UserServices.m in Sources */ = {isa = PBXBuildFile; fileRef = 1F4D75961FAC4BB800E6516C /* UserServices.m */; };
		1F4D75B21FAC4BB800E6516C /* DBServices.m in Sources */ = {isa = PBXBuildFile; fileRef = 1F4D75971FAC4BB800E6516C /* DBServices.m */; };
		1F4D75B31FAC4BB800E6516C /* NetServices.m in Sources */ = {isa = PBXBuildFile; fileRef = 1F4D75981FAC4BB800E6516C /* NetServices.m */; };
		1F4D75B41FAC4BB800E6516C /* AppServices.m in Sources */ = {isa = PBXBuildFile; fileRef = 1F4D759A1FAC4BB800E6516C /* AppServices.m */; };
		1F4D75BB1FAC5D2400E6516C /* ServerBrowser.m in Sources */ = {isa = PBXBuildFile; fileRef = 1F4D75B91FAC5D2400E6516C /* ServerBrowser.m */; };
		1F4D75BF1FAC5E3400E6516C /* ChooseAlertView.m in Sources */ = {isa = PBXBuildFile; fileRef = 1F4D75BC1FAC5E3400E6516C /* ChooseAlertView.m */; };
		1F4D75C01FAC5E3400E6516C /* ChooseAlertView.xib in Resources */ = {isa = PBXBuildFile; fileRef = 1F4D75BE1FAC5E3400E6516C /* ChooseAlertView.xib */; };
		1F4D75C61FAC5EB500E6516C /* GCDAsyncUdpSocket.m in Sources */ = {isa = PBXBuildFile; fileRef = 1F4D75C41FAC5EB500E6516C /* GCDAsyncUdpSocket.m */; };
		1F4D75C71FAC5EB500E6516C /* GCDAsyncSocket.m in Sources */ = {isa = PBXBuildFile; fileRef = 1F4D75C51FAC5EB500E6516C /* GCDAsyncSocket.m */; };
		1F4D75CB1FAC5FF900E6516C /* FMCloudUserTableViewCell.m in Sources */ = {isa = PBXBuildFile; fileRef = 1F4D75C81FAC5FF800E6516C /* FMCloudUserTableViewCell.m */; };
		1F4D75CC1FAC5FF900E6516C /* FMCloudUserTableViewCell.xib in Resources */ = {isa = PBXBuildFile; fileRef = 1F4D75CA1FAC5FF900E6516C /* FMCloudUserTableViewCell.xib */; };
		1F4D75D01FAC604100E6516C /* LoginTableViewCell.m in Sources */ = {isa = PBXBuildFile; fileRef = 1F4D75CE1FAC604100E6516C /* LoginTableViewCell.m */; };
		1F4D75D11FAC604100E6516C /* LoginTableViewCell.xib in Resources */ = {isa = PBXBuildFile; fileRef = 1F4D75CF1FAC604100E6516C /* LoginTableViewCell.xib */; };
		2C68507817DCDF432CF88A3F /* Pods_WisnucBox.framework in Frameworks */ = {isa = PBXBuildFile; fileRef = 357873726A4400954BE467E2 /* Pods_WisnucBox.framework */; };
		F65035611FAC00A60007979D /* main.m in Sources */ = {isa = PBXBuildFile; fileRef = F65035601FAC00A60007979D /* main.m */; };
		F65035641FAC00A60007979D /* AppDelegate.m in Sources */ = {isa = PBXBuildFile; fileRef = F65035631FAC00A60007979D /* AppDelegate.m */; };
		F65035671FAC00A60007979D /* ViewController.m in Sources */ = {isa = PBXBuildFile; fileRef = F65035661FAC00A60007979D /* ViewController.m */; };
		F650356A1FAC00A70007979D /* Main.storyboard in Resources */ = {isa = PBXBuildFile; fileRef = F65035681FAC00A70007979D /* Main.storyboard */; };
		F650356C1FAC00A70007979D /* Assets.xcassets in Resources */ = {isa = PBXBuildFile; fileRef = F650356B1FAC00A70007979D /* Assets.xcassets */; };
		F650356F1FAC00A70007979D /* LaunchScreen.storyboard in Resources */ = {isa = PBXBuildFile; fileRef = F650356D1FAC00A70007979D /* LaunchScreen.storyboard */; };
		F650357A1FAC00A70007979D /* WisnucBoxTests.m in Sources */ = {isa = PBXBuildFile; fileRef = F65035791FAC00A70007979D /* WisnucBoxTests.m */; };
		F65035851FAC00A70007979D /* WisnucBoxUITests.m in Sources */ = {isa = PBXBuildFile; fileRef = F65035841FAC00A70007979D /* WisnucBoxUITests.m */; };
/* End PBXBuildFile section */

/* Begin PBXContainerItemProxy section */
		F65035761FAC00A70007979D /* PBXContainerItemProxy */ = {
			isa = PBXContainerItemProxy;
			containerPortal = F65035541FAC00A60007979D /* Project object */;
			proxyType = 1;
			remoteGlobalIDString = F650355B1FAC00A60007979D;
			remoteInfo = WisnucBox;
		};
		F65035811FAC00A70007979D /* PBXContainerItemProxy */ = {
			isa = PBXContainerItemProxy;
			containerPortal = F65035541FAC00A60007979D /* Project object */;
			proxyType = 1;
			remoteGlobalIDString = F650355B1FAC00A60007979D;
			remoteInfo = WisnucBox;
		};
/* End PBXContainerItemProxy section */

/* Begin PBXFileReference section */
		1F244D9D3BCB4706DAFC363E /* Pods-WisnucBox.debug.xcconfig */ = {isa = PBXFileReference; includeInIndex = 1; lastKnownFileType = text.xcconfig; name = "Pods-WisnucBox.debug.xcconfig"; path = "Pods/Target Support Files/Pods-WisnucBox/Pods-WisnucBox.debug.xcconfig"; sourceTree = "<group>"; };
		1F4D75561FAC4B8800E6516C /* Define.h */ = {isa = PBXFileReference; fileEncoding = 4; lastKnownFileType = sourcecode.c.h; path = Define.h; sourceTree = "<group>"; };
		1F4D75571FAC4B8800E6516C /* default.pch */ = {isa = PBXFileReference; fileEncoding = 4; lastKnownFileType = sourcecode.c.h; path = default.pch; sourceTree = "<group>"; };
		1F4D755B1FAC4BB700E6516C /* UIImage+GKContact.m */ = {isa = PBXFileReference; fileEncoding = 4; lastKnownFileType = sourcecode.c.objc; path = "UIImage+GKContact.m"; sourceTree = "<group>"; };
		1F4D755C1FAC4BB700E6516C /* UIImage+GKContact.h */ = {isa = PBXFileReference; fileEncoding = 4; lastKnownFileType = sourcecode.c.h; path = "UIImage+GKContact.h"; sourceTree = "<group>"; };
		1F4D755E1FAC4BB700E6516C /* UIButton+Universal.h */ = {isa = PBXFileReference; fileEncoding = 4; lastKnownFileType = sourcecode.c.h; path = "UIButton+Universal.h"; sourceTree = "<group>"; };
		1F4D755F1FAC4BB700E6516C /* UIButton+EnlargeEdge.h */ = {isa = PBXFileReference; fileEncoding = 4; lastKnownFileType = sourcecode.c.h; path = "UIButton+EnlargeEdge.h"; sourceTree = "<group>"; };
		1F4D75601FAC4BB700E6516C /* UIButton+EnlargeEdge.m */ = {isa = PBXFileReference; fileEncoding = 4; lastKnownFileType = sourcecode.c.objc; path = "UIButton+EnlargeEdge.m"; sourceTree = "<group>"; };
		1F4D75611FAC4BB700E6516C /* UIButton+Universal.m */ = {isa = PBXFileReference; fileEncoding = 4; lastKnownFileType = sourcecode.c.objc; path = "UIButton+Universal.m"; sourceTree = "<group>"; };
		1F4D75631FAC4BB700E6516C /* UIColor+FM_UserHeadImage.m */ = {isa = PBXFileReference; fileEncoding = 4; lastKnownFileType = sourcecode.c.objc; path = "UIColor+FM_UserHeadImage.m"; sourceTree = "<group>"; };
		1F4D75641FAC4BB700E6516C /* UIColor+fm_color.m */ = {isa = PBXFileReference; fileEncoding = 4; lastKnownFileType = sourcecode.c.objc; path = "UIColor+fm_color.m"; sourceTree = "<group>"; };
		1F4D75651FAC4BB700E6516C /* UIColor+FM_UserHeadImage.h */ = {isa = PBXFileReference; fileEncoding = 4; lastKnownFileType = sourcecode.c.h; path = "UIColor+FM_UserHeadImage.h"; sourceTree = "<group>"; };
		1F4D75661FAC4BB700E6516C /* UIColor+fm_color.h */ = {isa = PBXFileReference; fileEncoding = 4; lastKnownFileType = sourcecode.c.h; path = "UIColor+fm_color.h"; sourceTree = "<group>"; };
		1F4D75681FAC4BB700E6516C /* SXLoadingView.h */ = {isa = PBXFileReference; fileEncoding = 4; lastKnownFileType = sourcecode.c.h; path = SXLoadingView.h; sourceTree = "<group>"; };
		1F4D75691FAC4BB700E6516C /* SXLoadingView.m */ = {isa = PBXFileReference; fileEncoding = 4; lastKnownFileType = sourcecode.c.objc; path = SXLoadingView.m; sourceTree = "<group>"; };
		1F4D756D1FAC4BB800E6516C /* FMUserLoginViewController.m */ = {isa = PBXFileReference; fileEncoding = 4; lastKnownFileType = sourcecode.c.objc; path = FMUserLoginViewController.m; sourceTree = "<group>"; };
		1F4D756E1FAC4BB800E6516C /* FMLoginViewController.h */ = {isa = PBXFileReference; fileEncoding = 4; lastKnownFileType = sourcecode.c.h; path = FMLoginViewController.h; sourceTree = "<group>"; };
		1F4D756F1FAC4BB800E6516C /* FMHandLoginVC.h */ = {isa = PBXFileReference; fileEncoding = 4; lastKnownFileType = sourcecode.c.h; path = FMHandLoginVC.h; sourceTree = "<group>"; };
		1F4D75701FAC4BB800E6516C /* FMLoginViewController.m */ = {isa = PBXFileReference; fileEncoding = 4; lastKnownFileType = sourcecode.c.objc; path = FMLoginViewController.m; sourceTree = "<group>"; };
		1F4D75711FAC4BB800E6516C /* FMUserLoginViewController.h */ = {isa = PBXFileReference; fileEncoding = 4; lastKnownFileType = sourcecode.c.h; path = FMUserLoginViewController.h; sourceTree = "<group>"; };
		1F4D75721FAC4BB800E6516C /* FMHandLoginVC.m */ = {isa = PBXFileReference; fileEncoding = 4; lastKnownFileType = sourcecode.c.objc; path = FMHandLoginVC.m; sourceTree = "<group>"; };
		1F4D75741FAC4BB800E6516C /* FMSerachService.h */ = {isa = PBXFileReference; fileEncoding = 4; lastKnownFileType = sourcecode.c.h; path = FMSerachService.h; sourceTree = "<group>"; };
		1F4D75751FAC4BB800E6516C /* UserModel.m */ = {isa = PBXFileReference; fileEncoding = 4; lastKnownFileType = sourcecode.c.objc; path = UserModel.m; sourceTree = "<group>"; };
		1F4D75761FAC4BB800E6516C /* FMSerachService.m */ = {isa = PBXFileReference; fileEncoding = 4; lastKnownFileType = sourcecode.c.objc; path = FMSerachService.m; sourceTree = "<group>"; };
		1F4D75771FAC4BB800E6516C /* UserModel.h */ = {isa = PBXFileReference; fileEncoding = 4; lastKnownFileType = sourcecode.c.h; path = UserModel.h; sourceTree = "<group>"; };
		1F4D75791FAC4BB800E6516C /* DGPopUpViewTextView.m */ = {isa = PBXFileReference; fileEncoding = 4; lastKnownFileType = sourcecode.c.objc; path = DGPopUpViewTextView.m; sourceTree = "<group>"; };
		1F4D757A1FAC4BB800E6516C /* DGPopUpViewTextView.xib */ = {isa = PBXFileReference; fileEncoding = 4; lastKnownFileType = file.xib; path = DGPopUpViewTextView.xib; sourceTree = "<group>"; };
		1F4D757B1FAC4BB800E6516C /* FMLoginTextField.h */ = {isa = PBXFileReference; fileEncoding = 4; lastKnownFileType = sourcecode.c.h; path = FMLoginTextField.h; sourceTree = "<group>"; };
		1F4D757C1FAC4BB800E6516C /* DGPopUpViewTextView.h */ = {isa = PBXFileReference; fileEncoding = 4; lastKnownFileType = sourcecode.c.h; path = DGPopUpViewTextView.h; sourceTree = "<group>"; };
		1F4D757D1FAC4BB800E6516C /* FMLoginTextField.m */ = {isa = PBXFileReference; fileEncoding = 4; lastKnownFileType = sourcecode.c.objc; path = FMLoginTextField.m; sourceTree = "<group>"; };
		1F4D757F1FAC4BB800E6516C /* FABaseVC.h */ = {isa = PBXFileReference; fileEncoding = 4; lastKnownFileType = sourcecode.c.h; path = FABaseVC.h; sourceTree = "<group>"; };
		1F4D75801FAC4BB800E6516C /* FABaseVC.m */ = {isa = PBXFileReference; fileEncoding = 4; lastKnownFileType = sourcecode.c.objc; path = FABaseVC.m; sourceTree = "<group>"; };
		1F4D75831FAC4BB800E6516C /* WBUser+CoreDataProperties.m */ = {isa = PBXFileReference; fileEncoding = 4; lastKnownFileType = sourcecode.c.objc; path = "WBUser+CoreDataProperties.m"; sourceTree = "<group>"; };
		1F4D75841FAC4BB800E6516C /* WBLocalAsset+CoreDataClass.m */ = {isa = PBXFileReference; fileEncoding = 4; lastKnownFileType = sourcecode.c.objc; path = "WBLocalAsset+CoreDataClass.m"; sourceTree = "<group>"; };
		1F4D75851FAC4BB800E6516C /* WBUser+CoreDataClass.m */ = {isa = PBXFileReference; fileEncoding = 4; lastKnownFileType = sourcecode.c.objc; path = "WBUser+CoreDataClass.m"; sourceTree = "<group>"; };
		1F4D75861FAC4BB800E6516C /* WBLocalAsset+CoreDataProperties.h */ = {isa = PBXFileReference; fileEncoding = 4; lastKnownFileType = sourcecode.c.h; path = "WBLocalAsset+CoreDataProperties.h"; sourceTree = "<group>"; };
		1F4D75871FAC4BB800E6516C /* WBLocalAsset+CoreDataClass.h */ = {isa = PBXFileReference; fileEncoding = 4; lastKnownFileType = sourcecode.c.h; path = "WBLocalAsset+CoreDataClass.h"; sourceTree = "<group>"; };
		1F4D75881FAC4BB800E6516C /* WBUser+CoreDataProperties.h */ = {isa = PBXFileReference; fileEncoding = 4; lastKnownFileType = sourcecode.c.h; path = "WBUser+CoreDataProperties.h"; sourceTree = "<group>"; };
		1F4D75891FAC4BB800E6516C /* WBUser+CoreDataClass.h */ = {isa = PBXFileReference; fileEncoding = 4; lastKnownFileType = sourcecode.c.h; path = "WBUser+CoreDataClass.h"; sourceTree = "<group>"; };
		1F4D758A1FAC4BB800E6516C /* WBLocalAsset+CoreDataProperties.m */ = {isa = PBXFileReference; fileEncoding = 4; lastKnownFileType = sourcecode.c.objc; path = "WBLocalAsset+CoreDataProperties.m"; sourceTree = "<group>"; };
		1F4D758C1FAC4BB800E6516C /* WisnucBox.xcdatamodel */ = {isa = PBXFileReference; lastKnownFileType = wrapper.xcdatamodel; path = WisnucBox.xcdatamodel; sourceTree = "<group>"; };
		1F4D758E1FAC4BB800E6516C /* UserServices.h */ = {isa = PBXFileReference; fileEncoding = 4; lastKnownFileType = sourcecode.c.h; path = UserServices.h; sourceTree = "<group>"; };
		1F4D758F1FAC4BB800E6516C /* AssetsServices.h */ = {isa = PBXFileReference; fileEncoding = 4; lastKnownFileType = sourcecode.c.h; path = AssetsServices.h; sourceTree = "<group>"; };
		1F4D75901FAC4BB800E6516C /* DBServices.h */ = {isa = PBXFileReference; fileEncoding = 4; lastKnownFileType = sourcecode.c.h; path = DBServices.h; sourceTree = "<group>"; };
		1F4D75911FAC4BB800E6516C /* FilesServices.m */ = {isa = PBXFileReference; fileEncoding = 4; lastKnownFileType = sourcecode.c.objc; path = FilesServices.m; sourceTree = "<group>"; };
		1F4D75921FAC4BB800E6516C /* ServiceProtocol.h */ = {isa = PBXFileReference; fileEncoding = 4; lastKnownFileType = sourcecode.c.h; path = ServiceProtocol.h; sourceTree = "<group>"; };
		1F4D75931FAC4BB800E6516C /* NetServices.h */ = {isa = PBXFileReference; fileEncoding = 4; lastKnownFileType = sourcecode.c.h; path = NetServices.h; sourceTree = "<group>"; };
		1F4D75941FAC4BB800E6516C /* AppServices.h */ = {isa = PBXFileReference; fileEncoding = 4; lastKnownFileType = sourcecode.c.h; path = AppServices.h; sourceTree = "<group>"; };
		1F4D75951FAC4BB800E6516C /* AssetsServices.m */ = {isa = PBXFileReference; fileEncoding = 4; lastKnownFileType = sourcecode.c.objc; path = AssetsServices.m; sourceTree = "<group>"; };
		1F4D75961FAC4BB800E6516C /* UserServices.m */ = {isa = PBXFileReference; fileEncoding = 4; lastKnownFileType = sourcecode.c.objc; path = UserServices.m; sourceTree = "<group>"; };
		1F4D75971FAC4BB800E6516C /* DBServices.m */ = {isa = PBXFileReference; fileEncoding = 4; lastKnownFileType = sourcecode.c.objc; path = DBServices.m; sourceTree = "<group>"; };
		1F4D75981FAC4BB800E6516C /* NetServices.m */ = {isa = PBXFileReference; fileEncoding = 4; lastKnownFileType = sourcecode.c.objc; path = NetServices.m; sourceTree = "<group>"; };
		1F4D75991FAC4BB800E6516C /* FilesServices.h */ = {isa = PBXFileReference; fileEncoding = 4; lastKnownFileType = sourcecode.c.h; path = FilesServices.h; sourceTree = "<group>"; };
		1F4D759A1FAC4BB800E6516C /* AppServices.m */ = {isa = PBXFileReference; fileEncoding = 4; lastKnownFileType = sourcecode.c.objc; path = AppServices.m; sourceTree = "<group>"; };
		1F4D75B61FAC575300E6516C /* ColorDefine.h */ = {isa = PBXFileReference; lastKnownFileType = sourcecode.c.h; path = ColorDefine.h; sourceTree = "<group>"; };
		1F4D75B71FAC5AE700E6516C /* FontDefine.h */ = {isa = PBXFileReference; lastKnownFileType = sourcecode.c.h; path = FontDefine.h; sourceTree = "<group>"; };
		1F4D75B91FAC5D2400E6516C /* ServerBrowser.m */ = {isa = PBXFileReference; fileEncoding = 4; lastKnownFileType = sourcecode.c.objc; path = ServerBrowser.m; sourceTree = "<group>"; };
		1F4D75BA1FAC5D2400E6516C /* ServerBrowser.h */ = {isa = PBXFileReference; fileEncoding = 4; lastKnownFileType = sourcecode.c.h; path = ServerBrowser.h; sourceTree = "<group>"; };
		1F4D75BC1FAC5E3400E6516C /* ChooseAlertView.m */ = {isa = PBXFileReference; fileEncoding = 4; lastKnownFileType = sourcecode.c.objc; path = ChooseAlertView.m; sourceTree = "<group>"; };
		1F4D75BD1FAC5E3400E6516C /* ChooseAlertView.h */ = {isa = PBXFileReference; fileEncoding = 4; lastKnownFileType = sourcecode.c.h; path = ChooseAlertView.h; sourceTree = "<group>"; };
		1F4D75BE1FAC5E3400E6516C /* ChooseAlertView.xib */ = {isa = PBXFileReference; fileEncoding = 4; lastKnownFileType = file.xib; path = ChooseAlertView.xib; sourceTree = "<group>"; };
		1F4D75C21FAC5EB500E6516C /* GCDAsyncSocket.h */ = {isa = PBXFileReference; fileEncoding = 4; lastKnownFileType = sourcecode.c.h; path = GCDAsyncSocket.h; sourceTree = "<group>"; };
		1F4D75C31FAC5EB500E6516C /* GCDAsyncUdpSocket.h */ = {isa = PBXFileReference; fileEncoding = 4; lastKnownFileType = sourcecode.c.h; path = GCDAsyncUdpSocket.h; sourceTree = "<group>"; };
		1F4D75C41FAC5EB500E6516C /* GCDAsyncUdpSocket.m */ = {isa = PBXFileReference; fileEncoding = 4; lastKnownFileType = sourcecode.c.objc; path = GCDAsyncUdpSocket.m; sourceTree = "<group>"; };
		1F4D75C51FAC5EB500E6516C /* GCDAsyncSocket.m */ = {isa = PBXFileReference; fileEncoding = 4; lastKnownFileType = sourcecode.c.objc; path = GCDAsyncSocket.m; sourceTree = "<group>"; };
		1F4D75C81FAC5FF800E6516C /* FMCloudUserTableViewCell.m */ = {isa = PBXFileReference; fileEncoding = 4; lastKnownFileType = sourcecode.c.objc; path = FMCloudUserTableViewCell.m; sourceTree = "<group>"; };
		1F4D75C91FAC5FF800E6516C /* FMCloudUserTableViewCell.h */ = {isa = PBXFileReference; fileEncoding = 4; lastKnownFileType = sourcecode.c.h; path = FMCloudUserTableViewCell.h; sourceTree = "<group>"; };
		1F4D75CA1FAC5FF900E6516C /* FMCloudUserTableViewCell.xib */ = {isa = PBXFileReference; fileEncoding = 4; lastKnownFileType = file.xib; path = FMCloudUserTableViewCell.xib; sourceTree = "<group>"; };
		1F4D75CD1FAC604100E6516C /* LoginTableViewCell.h */ = {isa = PBXFileReference; fileEncoding = 4; lastKnownFileType = sourcecode.c.h; path = LoginTableViewCell.h; sourceTree = "<group>"; };
		1F4D75CE1FAC604100E6516C /* LoginTableViewCell.m */ = {isa = PBXFileReference; fileEncoding = 4; lastKnownFileType = sourcecode.c.objc; path = LoginTableViewCell.m; sourceTree = "<group>"; };
		1F4D75CF1FAC604100E6516C /* LoginTableViewCell.xib */ = {isa = PBXFileReference; fileEncoding = 4; lastKnownFileType = file.xib; path = LoginTableViewCell.xib; sourceTree = "<group>"; };
		357873726A4400954BE467E2 /* Pods_WisnucBox.framework */ = {isa = PBXFileReference; explicitFileType = wrapper.framework; includeInIndex = 0; path = Pods_WisnucBox.framework; sourceTree = BUILT_PRODUCTS_DIR; };
		B0D3F6BCD083EB684E36A713 /* Pods-WisnucBox.release.xcconfig */ = {isa = PBXFileReference; includeInIndex = 1; lastKnownFileType = text.xcconfig; name = "Pods-WisnucBox.release.xcconfig"; path = "Pods/Target Support Files/Pods-WisnucBox/Pods-WisnucBox.release.xcconfig"; sourceTree = "<group>"; };
		F650355C1FAC00A60007979D /* WisnucBox.app */ = {isa = PBXFileReference; explicitFileType = wrapper.application; includeInIndex = 0; path = WisnucBox.app; sourceTree = BUILT_PRODUCTS_DIR; };
		F65035601FAC00A60007979D /* main.m */ = {isa = PBXFileReference; lastKnownFileType = sourcecode.c.objc; path = main.m; sourceTree = "<group>"; };
		F65035621FAC00A60007979D /* AppDelegate.h */ = {isa = PBXFileReference; lastKnownFileType = sourcecode.c.h; path = AppDelegate.h; sourceTree = "<group>"; };
		F65035631FAC00A60007979D /* AppDelegate.m */ = {isa = PBXFileReference; lastKnownFileType = sourcecode.c.objc; path = AppDelegate.m; sourceTree = "<group>"; };
		F65035651FAC00A60007979D /* ViewController.h */ = {isa = PBXFileReference; lastKnownFileType = sourcecode.c.h; path = ViewController.h; sourceTree = "<group>"; };
		F65035661FAC00A60007979D /* ViewController.m */ = {isa = PBXFileReference; lastKnownFileType = sourcecode.c.objc; path = ViewController.m; sourceTree = "<group>"; };
		F65035691FAC00A70007979D /* Base */ = {isa = PBXFileReference; lastKnownFileType = file.storyboard; name = Base; path = Base.lproj/Main.storyboard; sourceTree = "<group>"; };
		F650356B1FAC00A70007979D /* Assets.xcassets */ = {isa = PBXFileReference; lastKnownFileType = folder.assetcatalog; path = Assets.xcassets; sourceTree = "<group>"; };
		F650356E1FAC00A70007979D /* Base */ = {isa = PBXFileReference; lastKnownFileType = file.storyboard; name = Base; path = Base.lproj/LaunchScreen.storyboard; sourceTree = "<group>"; };
		F65035701FAC00A70007979D /* Info.plist */ = {isa = PBXFileReference; lastKnownFileType = text.plist.xml; path = Info.plist; sourceTree = "<group>"; };
		F65035751FAC00A70007979D /* WisnucBoxTests.xctest */ = {isa = PBXFileReference; explicitFileType = wrapper.cfbundle; includeInIndex = 0; path = WisnucBoxTests.xctest; sourceTree = BUILT_PRODUCTS_DIR; };
		F65035791FAC00A70007979D /* WisnucBoxTests.m */ = {isa = PBXFileReference; lastKnownFileType = sourcecode.c.objc; path = WisnucBoxTests.m; sourceTree = "<group>"; };
		F650357B1FAC00A70007979D /* Info.plist */ = {isa = PBXFileReference; lastKnownFileType = text.plist.xml; path = Info.plist; sourceTree = "<group>"; };
		F65035801FAC00A70007979D /* WisnucBoxUITests.xctest */ = {isa = PBXFileReference; explicitFileType = wrapper.cfbundle; includeInIndex = 0; path = WisnucBoxUITests.xctest; sourceTree = BUILT_PRODUCTS_DIR; };
		F65035841FAC00A70007979D /* WisnucBoxUITests.m */ = {isa = PBXFileReference; lastKnownFileType = sourcecode.c.objc; path = WisnucBoxUITests.m; sourceTree = "<group>"; };
		F65035861FAC00A70007979D /* Info.plist */ = {isa = PBXFileReference; lastKnownFileType = text.plist.xml; path = Info.plist; sourceTree = "<group>"; };
/* End PBXFileReference section */

/* Begin PBXFrameworksBuildPhase section */
		F65035591FAC00A60007979D /* Frameworks */ = {
			isa = PBXFrameworksBuildPhase;
			buildActionMask = 2147483647;
			files = (
				2C68507817DCDF432CF88A3F /* Pods_WisnucBox.framework in Frameworks */,
			);
			runOnlyForDeploymentPostprocessing = 0;
		};
		F65035721FAC00A70007979D /* Frameworks */ = {
			isa = PBXFrameworksBuildPhase;
			buildActionMask = 2147483647;
			files = (
			);
			runOnlyForDeploymentPostprocessing = 0;
		};
		F650357D1FAC00A70007979D /* Frameworks */ = {
			isa = PBXFrameworksBuildPhase;
			buildActionMask = 2147483647;
			files = (
			);
			runOnlyForDeploymentPostprocessing = 0;
		};
/* End PBXFrameworksBuildPhase section */

/* Begin PBXGroup section */
		1F4D75551FAC4B8800E6516C /* Common */ = {
			isa = PBXGroup;
			children = (
				1F4D75561FAC4B8800E6516C /* Define.h */,
				1F4D75571FAC4B8800E6516C /* default.pch */,
				1F4D75B61FAC575300E6516C /* ColorDefine.h */,
				1F4D75B71FAC5AE700E6516C /* FontDefine.h */,
			);
			path = Common;
			sourceTree = "<group>";
		};
		1F4D75581FAC4BB700E6516C /* Tools */ = {
			isa = PBXGroup;
			children = (
				1F4D75C11FAC5E9900E6516C /* GCD */,
				1F4D75B81FAC5D1600E6516C /* ServerBrowser */,
				1F4D75591FAC4BB700E6516C /* Category */,
				1F4D75671FAC4BB700E6516C /* HUD */,
			);
			path = Tools;
			sourceTree = "<group>";
		};
		1F4D75591FAC4BB700E6516C /* Category */ = {
			isa = PBXGroup;
			children = (
				1F4D755A1FAC4BB700E6516C /* UIIamge */,
				1F4D755D1FAC4BB700E6516C /* UIButton */,
				1F4D75621FAC4BB700E6516C /* UIColor */,
			);
			path = Category;
			sourceTree = "<group>";
		};
		1F4D755A1FAC4BB700E6516C /* UIIamge */ = {
			isa = PBXGroup;
			children = (
				1F4D755B1FAC4BB700E6516C /* UIImage+GKContact.m */,
				1F4D755C1FAC4BB700E6516C /* UIImage+GKContact.h */,
			);
			path = UIIamge;
			sourceTree = "<group>";
		};
		1F4D755D1FAC4BB700E6516C /* UIButton */ = {
			isa = PBXGroup;
			children = (
				1F4D755E1FAC4BB700E6516C /* UIButton+Universal.h */,
				1F4D755F1FAC4BB700E6516C /* UIButton+EnlargeEdge.h */,
				1F4D75601FAC4BB700E6516C /* UIButton+EnlargeEdge.m */,
				1F4D75611FAC4BB700E6516C /* UIButton+Universal.m */,
			);
			path = UIButton;
			sourceTree = "<group>";
		};
		1F4D75621FAC4BB700E6516C /* UIColor */ = {
			isa = PBXGroup;
			children = (
				1F4D75631FAC4BB700E6516C /* UIColor+FM_UserHeadImage.m */,
				1F4D75641FAC4BB700E6516C /* UIColor+fm_color.m */,
				1F4D75651FAC4BB700E6516C /* UIColor+FM_UserHeadImage.h */,
				1F4D75661FAC4BB700E6516C /* UIColor+fm_color.h */,
			);
			path = UIColor;
			sourceTree = "<group>";
		};
		1F4D75671FAC4BB700E6516C /* HUD */ = {
			isa = PBXGroup;
			children = (
				1F4D75681FAC4BB700E6516C /* SXLoadingView.h */,
				1F4D75691FAC4BB700E6516C /* SXLoadingView.m */,
			);
			path = HUD;
			sourceTree = "<group>";
		};
		1F4D756A1FAC4BB700E6516C /* Modules */ = {
			isa = PBXGroup;
			children = (
				1F4D756B1FAC4BB700E6516C /* Login */,
				1F4D757E1FAC4BB800E6516C /* Based */,
			);
			path = Modules;
			sourceTree = "<group>";
		};
		1F4D756B1FAC4BB700E6516C /* Login */ = {
			isa = PBXGroup;
			children = (
				1F4D756C1FAC4BB800E6516C /* Controller */,
				1F4D75731FAC4BB800E6516C /* Model */,
				1F4D75781FAC4BB800E6516C /* View */,
			);
			path = Login;
			sourceTree = "<group>";
		};
		1F4D756C1FAC4BB800E6516C /* Controller */ = {
			isa = PBXGroup;
			children = (
				1F4D756F1FAC4BB800E6516C /* FMHandLoginVC.h */,
				1F4D75721FAC4BB800E6516C /* FMHandLoginVC.m */,
				1F4D756E1FAC4BB800E6516C /* FMLoginViewController.h */,
				1F4D75701FAC4BB800E6516C /* FMLoginViewController.m */,
				1F4D75711FAC4BB800E6516C /* FMUserLoginViewController.h */,
				1F4D756D1FAC4BB800E6516C /* FMUserLoginViewController.m */,
			);
			path = Controller;
			sourceTree = "<group>";
		};
		1F4D75731FAC4BB800E6516C /* Model */ = {
			isa = PBXGroup;
			children = (
				1F4D75741FAC4BB800E6516C /* FMSerachService.h */,
				1F4D75751FAC4BB800E6516C /* UserModel.m */,
				1F4D75761FAC4BB800E6516C /* FMSerachService.m */,
				1F4D75771FAC4BB800E6516C /* UserModel.h */,
			);
			path = Model;
			sourceTree = "<group>";
		};
		1F4D75781FAC4BB800E6516C /* View */ = {
			isa = PBXGroup;
			children = (
				1F4D75CD1FAC604100E6516C /* LoginTableViewCell.h */,
				1F4D75CE1FAC604100E6516C /* LoginTableViewCell.m */,
				1F4D75CF1FAC604100E6516C /* LoginTableViewCell.xib */,
				1F4D75C91FAC5FF800E6516C /* FMCloudUserTableViewCell.h */,
				1F4D75C81FAC5FF800E6516C /* FMCloudUserTableViewCell.m */,
				1F4D75CA1FAC5FF900E6516C /* FMCloudUserTableViewCell.xib */,
				1F4D757C1FAC4BB800E6516C /* DGPopUpViewTextView.h */,
				1F4D75791FAC4BB800E6516C /* DGPopUpViewTextView.m */,
				1F4D757A1FAC4BB800E6516C /* DGPopUpViewTextView.xib */,
				1F4D757B1FAC4BB800E6516C /* FMLoginTextField.h */,
				1F4D757D1FAC4BB800E6516C /* FMLoginTextField.m */,
				1F4D75BD1FAC5E3400E6516C /* ChooseAlertView.h */,
				1F4D75BC1FAC5E3400E6516C /* ChooseAlertView.m */,
				1F4D75BE1FAC5E3400E6516C /* ChooseAlertView.xib */,
			);
			path = View;
			sourceTree = "<group>";
		};
		1F4D757E1FAC4BB800E6516C /* Based */ = {
			isa = PBXGroup;
			children = (
				1F4D757F1FAC4BB800E6516C /* FABaseVC.h */,
				1F4D75801FAC4BB800E6516C /* FABaseVC.m */,
			);
			path = Based;
			sourceTree = "<group>";
		};
		1F4D75811FAC4BB800E6516C /* CoreData */ = {
			isa = PBXGroup;
			children = (
				1F4D75821FAC4BB800E6516C /* ManagedObjects */,
				1F4D758B1FAC4BB800E6516C /* WisnucBox.xcdatamodeld */,
			);
			path = CoreData;
			sourceTree = "<group>";
		};
		1F4D75821FAC4BB800E6516C /* ManagedObjects */ = {
			isa = PBXGroup;
			children = (
				1F4D75831FAC4BB800E6516C /* WBUser+CoreDataProperties.m */,
				1F4D75841FAC4BB800E6516C /* WBLocalAsset+CoreDataClass.m */,
				1F4D75851FAC4BB800E6516C /* WBUser+CoreDataClass.m */,
				1F4D75861FAC4BB800E6516C /* WBLocalAsset+CoreDataProperties.h */,
				1F4D75871FAC4BB800E6516C /* WBLocalAsset+CoreDataClass.h */,
				1F4D75881FAC4BB800E6516C /* WBUser+CoreDataProperties.h */,
				1F4D75891FAC4BB800E6516C /* WBUser+CoreDataClass.h */,
				1F4D758A1FAC4BB800E6516C /* WBLocalAsset+CoreDataProperties.m */,
			);
			path = ManagedObjects;
			sourceTree = "<group>";
		};
		1F4D758D1FAC4BB800E6516C /* Services */ = {
			isa = PBXGroup;
			children = (
				1F4D75921FAC4BB800E6516C /* ServiceProtocol.h */,
				1F4D758E1FAC4BB800E6516C /* UserServices.h */,
				1F4D75961FAC4BB800E6516C /* UserServices.m */,
				1F4D758F1FAC4BB800E6516C /* AssetsServices.h */,
				1F4D75951FAC4BB800E6516C /* AssetsServices.m */,
				1F4D75901FAC4BB800E6516C /* DBServices.h */,
				1F4D75971FAC4BB800E6516C /* DBServices.m */,
				1F4D75991FAC4BB800E6516C /* FilesServices.h */,
				1F4D75911FAC4BB800E6516C /* FilesServices.m */,
				1F4D75931FAC4BB800E6516C /* NetServices.h */,
				1F4D75981FAC4BB800E6516C /* NetServices.m */,
				1F4D75941FAC4BB800E6516C /* AppServices.h */,
				1F4D759A1FAC4BB800E6516C /* AppServices.m */,
			);
			path = Services;
			sourceTree = "<group>";
		};
		1F4D75B81FAC5D1600E6516C /* ServerBrowser */ = {
			isa = PBXGroup;
			children = (
				1F4D75BA1FAC5D2400E6516C /* ServerBrowser.h */,
				1F4D75B91FAC5D2400E6516C /* ServerBrowser.m */,
			);
			path = ServerBrowser;
			sourceTree = "<group>";
		};
		1F4D75C11FAC5E9900E6516C /* GCD */ = {
			isa = PBXGroup;
			children = (
				1F4D75C21FAC5EB500E6516C /* GCDAsyncSocket.h */,
				1F4D75C51FAC5EB500E6516C /* GCDAsyncSocket.m */,
				1F4D75C31FAC5EB500E6516C /* GCDAsyncUdpSocket.h */,
				1F4D75C41FAC5EB500E6516C /* GCDAsyncUdpSocket.m */,
			);
			path = GCD;
			sourceTree = "<group>";
		};
		A425D85D003C084CDA92A5DA /* Frameworks */ = {
			isa = PBXGroup;
			children = (
				357873726A4400954BE467E2 /* Pods_WisnucBox.framework */,
			);
			name = Frameworks;
			sourceTree = "<group>";
		};
		D9B3E6DE895EF13E2BDF26E5 /* Pods */ = {
			isa = PBXGroup;
			children = (
				1F244D9D3BCB4706DAFC363E /* Pods-WisnucBox.debug.xcconfig */,
				B0D3F6BCD083EB684E36A713 /* Pods-WisnucBox.release.xcconfig */,
			);
			name = Pods;
			sourceTree = "<group>";
		};
		F65035531FAC00A60007979D = {
			isa = PBXGroup;
			children = (
				F650355E1FAC00A60007979D /* WisnucBox */,
				F65035781FAC00A70007979D /* WisnucBoxTests */,
				F65035831FAC00A70007979D /* WisnucBoxUITests */,
				F650355D1FAC00A60007979D /* Products */,
				D9B3E6DE895EF13E2BDF26E5 /* Pods */,
				A425D85D003C084CDA92A5DA /* Frameworks */,
			);
			sourceTree = "<group>";
		};
		F650355D1FAC00A60007979D /* Products */ = {
			isa = PBXGroup;
			children = (
				F650355C1FAC00A60007979D /* WisnucBox.app */,
				F65035751FAC00A70007979D /* WisnucBoxTests.xctest */,
				F65035801FAC00A70007979D /* WisnucBoxUITests.xctest */,
			);
			name = Products;
			sourceTree = "<group>";
		};
		F650355E1FAC00A60007979D /* WisnucBox */ = {
			isa = PBXGroup;
			children = (
				1F4D75811FAC4BB800E6516C /* CoreData */,
				1F4D756A1FAC4BB700E6516C /* Modules */,
				1F4D758D1FAC4BB800E6516C /* Services */,
				1F4D75581FAC4BB700E6516C /* Tools */,
				1F4D75551FAC4B8800E6516C /* Common */,
				F65035621FAC00A60007979D /* AppDelegate.h */,
				F65035631FAC00A60007979D /* AppDelegate.m */,
				F65035651FAC00A60007979D /* ViewController.h */,
				F65035661FAC00A60007979D /* ViewController.m */,
				F65035681FAC00A70007979D /* Main.storyboard */,
				F650356B1FAC00A70007979D /* Assets.xcassets */,
				F650356D1FAC00A70007979D /* LaunchScreen.storyboard */,
				F65035701FAC00A70007979D /* Info.plist */,
				F650355F1FAC00A60007979D /* Supporting Files */,
			);
			path = WisnucBox;
			sourceTree = "<group>";
		};
		F650355F1FAC00A60007979D /* Supporting Files */ = {
			isa = PBXGroup;
			children = (
				F65035601FAC00A60007979D /* main.m */,
			);
			name = "Supporting Files";
			sourceTree = "<group>";
		};
		F65035781FAC00A70007979D /* WisnucBoxTests */ = {
			isa = PBXGroup;
			children = (
				F65035791FAC00A70007979D /* WisnucBoxTests.m */,
				F650357B1FAC00A70007979D /* Info.plist */,
			);
			path = WisnucBoxTests;
			sourceTree = "<group>";
		};
		F65035831FAC00A70007979D /* WisnucBoxUITests */ = {
			isa = PBXGroup;
			children = (
				F65035841FAC00A70007979D /* WisnucBoxUITests.m */,
				F65035861FAC00A70007979D /* Info.plist */,
			);
			path = WisnucBoxUITests;
			sourceTree = "<group>";
		};
/* End PBXGroup section */

/* Begin PBXNativeTarget section */
		F650355B1FAC00A60007979D /* WisnucBox */ = {
			isa = PBXNativeTarget;
			buildConfigurationList = F65035891FAC00A70007979D /* Build configuration list for PBXNativeTarget "WisnucBox" */;
			buildPhases = (
				2BA33A36FA417CC8F398A08A /* [CP] Check Pods Manifest.lock */,
				F65035581FAC00A60007979D /* Sources */,
				F65035591FAC00A60007979D /* Frameworks */,
				F650355A1FAC00A60007979D /* Resources */,
				5C07CDE3069243D6C7FB5DF3 /* [CP] Embed Pods Frameworks */,
				0800AAD4B26AEF1F0DA51905 /* [CP] Copy Pods Resources */,
			);
			buildRules = (
			);
			dependencies = (
			);
			name = WisnucBox;
			productName = WisnucBox;
			productReference = F650355C1FAC00A60007979D /* WisnucBox.app */;
			productType = "com.apple.product-type.application";
		};
		F65035741FAC00A70007979D /* WisnucBoxTests */ = {
			isa = PBXNativeTarget;
			buildConfigurationList = F650358C1FAC00A70007979D /* Build configuration list for PBXNativeTarget "WisnucBoxTests" */;
			buildPhases = (
				F65035711FAC00A70007979D /* Sources */,
				F65035721FAC00A70007979D /* Frameworks */,
				F65035731FAC00A70007979D /* Resources */,
			);
			buildRules = (
			);
			dependencies = (
				F65035771FAC00A70007979D /* PBXTargetDependency */,
			);
			name = WisnucBoxTests;
			productName = WisnucBoxTests;
			productReference = F65035751FAC00A70007979D /* WisnucBoxTests.xctest */;
			productType = "com.apple.product-type.bundle.unit-test";
		};
		F650357F1FAC00A70007979D /* WisnucBoxUITests */ = {
			isa = PBXNativeTarget;
			buildConfigurationList = F650358F1FAC00A70007979D /* Build configuration list for PBXNativeTarget "WisnucBoxUITests" */;
			buildPhases = (
				F650357C1FAC00A70007979D /* Sources */,
				F650357D1FAC00A70007979D /* Frameworks */,
				F650357E1FAC00A70007979D /* Resources */,
			);
			buildRules = (
			);
			dependencies = (
				F65035821FAC00A70007979D /* PBXTargetDependency */,
			);
			name = WisnucBoxUITests;
			productName = WisnucBoxUITests;
			productReference = F65035801FAC00A70007979D /* WisnucBoxUITests.xctest */;
			productType = "com.apple.product-type.bundle.ui-testing";
		};
/* End PBXNativeTarget section */

/* Begin PBXProject section */
		F65035541FAC00A60007979D /* Project object */ = {
			isa = PBXProject;
			attributes = {
				LastUpgradeCheck = 0830;
				ORGANIZATIONNAME = JackYang;
				TargetAttributes = {
					F650355B1FAC00A60007979D = {
						CreatedOnToolsVersion = 8.3.2;
						DevelopmentTeam = 8SC32MU7TG;
						ProvisioningStyle = Automatic;
					};
					F65035741FAC00A70007979D = {
						CreatedOnToolsVersion = 8.3.2;
						DevelopmentTeam = 8SC32MU7TG;
						ProvisioningStyle = Automatic;
						TestTargetID = F650355B1FAC00A60007979D;
					};
					F650357F1FAC00A70007979D = {
						CreatedOnToolsVersion = 8.3.2;
						DevelopmentTeam = 8SC32MU7TG;
						ProvisioningStyle = Automatic;
						TestTargetID = F650355B1FAC00A60007979D;
					};
				};
			};
			buildConfigurationList = F65035571FAC00A60007979D /* Build configuration list for PBXProject "WisnucBox" */;
			compatibilityVersion = "Xcode 3.2";
			developmentRegion = English;
			hasScannedForEncodings = 0;
			knownRegions = (
				en,
				Base,
			);
			mainGroup = F65035531FAC00A60007979D;
			productRefGroup = F650355D1FAC00A60007979D /* Products */;
			projectDirPath = "";
			projectRoot = "";
			targets = (
				F650355B1FAC00A60007979D /* WisnucBox */,
				F65035741FAC00A70007979D /* WisnucBoxTests */,
				F650357F1FAC00A70007979D /* WisnucBoxUITests */,
			);
		};
/* End PBXProject section */

/* Begin PBXResourcesBuildPhase section */
		F650355A1FAC00A60007979D /* Resources */ = {
			isa = PBXResourcesBuildPhase;
			buildActionMask = 2147483647;
			files = (
				F650356F1FAC00A70007979D /* LaunchScreen.storyboard in Resources */,
				F650356C1FAC00A70007979D /* Assets.xcassets in Resources */,
				1F4D75C01FAC5E3400E6516C /* ChooseAlertView.xib in Resources */,
				1F4D75D11FAC604100E6516C /* LoginTableViewCell.xib in Resources */,
				1F4D75A71FAC4BB800E6516C /* DGPopUpViewTextView.xib in Resources */,
				F650356A1FAC00A70007979D /* Main.storyboard in Resources */,
				1F4D75CC1FAC5FF900E6516C /* FMCloudUserTableViewCell.xib in Resources */,
			);
			runOnlyForDeploymentPostprocessing = 0;
		};
		F65035731FAC00A70007979D /* Resources */ = {
			isa = PBXResourcesBuildPhase;
			buildActionMask = 2147483647;
			files = (
			);
			runOnlyForDeploymentPostprocessing = 0;
		};
		F650357E1FAC00A70007979D /* Resources */ = {
			isa = PBXResourcesBuildPhase;
			buildActionMask = 2147483647;
			files = (
			);
			runOnlyForDeploymentPostprocessing = 0;
		};
/* End PBXResourcesBuildPhase section */

/* Begin PBXShellScriptBuildPhase section */
		0800AAD4B26AEF1F0DA51905 /* [CP] Copy Pods Resources */ = {
			isa = PBXShellScriptBuildPhase;
			buildActionMask = 2147483647;
			files = (
			);
			inputPaths = (
			);
			name = "[CP] Copy Pods Resources";
			outputPaths = (
			);
			runOnlyForDeploymentPostprocessing = 0;
			shellPath = /bin/sh;
			shellScript = "\"${SRCROOT}/Pods/Target Support Files/Pods-WisnucBox/Pods-WisnucBox-resources.sh\"\n";
			showEnvVarsInLog = 0;
		};
		2BA33A36FA417CC8F398A08A /* [CP] Check Pods Manifest.lock */ = {
			isa = PBXShellScriptBuildPhase;
			buildActionMask = 2147483647;
			files = (
			);
			inputPaths = (
				"${PODS_PODFILE_DIR_PATH}/Podfile.lock",
				"${PODS_ROOT}/Manifest.lock",
			);
			name = "[CP] Check Pods Manifest.lock";
			outputPaths = (
				"$(DERIVED_FILE_DIR)/Pods-WisnucBox-checkManifestLockResult.txt",
			);
			runOnlyForDeploymentPostprocessing = 0;
			shellPath = /bin/sh;
			shellScript = "diff \"${PODS_PODFILE_DIR_PATH}/Podfile.lock\" \"${PODS_ROOT}/Manifest.lock\" > /dev/null\nif [ $? != 0 ] ; then\n    # print error to STDERR\n    echo \"error: The sandbox is not in sync with the Podfile.lock. Run 'pod install' or update your CocoaPods installation.\" >&2\n    exit 1\nfi\n# This output is used by Xcode 'outputs' to avoid re-running this script phase.\necho \"SUCCESS\" > \"${SCRIPT_OUTPUT_FILE_0}\"\n";
			showEnvVarsInLog = 0;
		};
		5C07CDE3069243D6C7FB5DF3 /* [CP] Embed Pods Frameworks */ = {
			isa = PBXShellScriptBuildPhase;
			buildActionMask = 2147483647;
			files = (
			);
			inputPaths = (
				"${SRCROOT}/Pods/Target Support Files/Pods-WisnucBox/Pods-WisnucBox-frameworks.sh",
				"${BUILT_PRODUCTS_DIR}/AFNetworking/AFNetworking.framework",
				"${BUILT_PRODUCTS_DIR}/BEMCheckBox/BEMCheckBox.framework",
				"${BUILT_PRODUCTS_DIR}/CHTCollectionViewWaterfallLayout/CHTCollectionViewWaterfallLayout.framework",
				"${BUILT_PRODUCTS_DIR}/CocoaLumberjack/CocoaLumberjack.framework",
				"${BUILT_PRODUCTS_DIR}/DACircularProgress/DACircularProgress.framework",
				"${BUILT_PRODUCTS_DIR}/FMDB/FMDB.framework",
				"${BUILT_PRODUCTS_DIR}/MBProgressHUD/MBProgressHUD.framework",
				"${BUILT_PRODUCTS_DIR}/MJRefresh/MJRefresh.framework",
				"${BUILT_PRODUCTS_DIR}/MWPhotoBrowser/MWPhotoBrowser.framework",
				"${BUILT_PRODUCTS_DIR}/MagicalRecord/MagicalRecord.framework",
				"${BUILT_PRODUCTS_DIR}/MarqueeLabel/MarqueeLabel.framework",
				"${BUILT_PRODUCTS_DIR}/Masonry/Masonry.framework",
				"${BUILT_PRODUCTS_DIR}/ReactiveObjC/ReactiveObjC.framework",
				"${BUILT_PRODUCTS_DIR}/SDWebImage/SDWebImage.framework",
				"${BUILT_PRODUCTS_DIR}/YYAsyncLayer/YYAsyncLayer.framework",
				"${BUILT_PRODUCTS_DIR}/YYCache/YYCache.framework",
				"${BUILT_PRODUCTS_DIR}/YYDispatchQueuePool/YYDispatchQueuePool.framework",
				"${BUILT_PRODUCTS_DIR}/YYImage/YYImage.framework",
				"${BUILT_PRODUCTS_DIR}/YYKeyboardManager/YYKeyboardManager.framework",
				"${BUILT_PRODUCTS_DIR}/YYModel/YYModel.framework",
				"${BUILT_PRODUCTS_DIR}/YYText/YYText.framework",
				"${BUILT_PRODUCTS_DIR}/YYWebImage/YYWebImage.framework",
				"${BUILT_PRODUCTS_DIR}/pop/pop.framework",
			);
			name = "[CP] Embed Pods Frameworks";
			outputPaths = (
				"${TARGET_BUILD_DIR}/${FRAMEWORKS_FOLDER_PATH}/AFNetworking.framework",
				"${TARGET_BUILD_DIR}/${FRAMEWORKS_FOLDER_PATH}/BEMCheckBox.framework",
				"${TARGET_BUILD_DIR}/${FRAMEWORKS_FOLDER_PATH}/CHTCollectionViewWaterfallLayout.framework",
				"${TARGET_BUILD_DIR}/${FRAMEWORKS_FOLDER_PATH}/CocoaLumberjack.framework",
				"${TARGET_BUILD_DIR}/${FRAMEWORKS_FOLDER_PATH}/DACircularProgress.framework",
				"${TARGET_BUILD_DIR}/${FRAMEWORKS_FOLDER_PATH}/FMDB.framework",
				"${TARGET_BUILD_DIR}/${FRAMEWORKS_FOLDER_PATH}/MBProgressHUD.framework",
				"${TARGET_BUILD_DIR}/${FRAMEWORKS_FOLDER_PATH}/MJRefresh.framework",
				"${TARGET_BUILD_DIR}/${FRAMEWORKS_FOLDER_PATH}/MWPhotoBrowser.framework",
				"${TARGET_BUILD_DIR}/${FRAMEWORKS_FOLDER_PATH}/MagicalRecord.framework",
				"${TARGET_BUILD_DIR}/${FRAMEWORKS_FOLDER_PATH}/MarqueeLabel.framework",
				"${TARGET_BUILD_DIR}/${FRAMEWORKS_FOLDER_PATH}/Masonry.framework",
				"${TARGET_BUILD_DIR}/${FRAMEWORKS_FOLDER_PATH}/ReactiveObjC.framework",
				"${TARGET_BUILD_DIR}/${FRAMEWORKS_FOLDER_PATH}/SDWebImage.framework",
				"${TARGET_BUILD_DIR}/${FRAMEWORKS_FOLDER_PATH}/YYAsyncLayer.framework",
				"${TARGET_BUILD_DIR}/${FRAMEWORKS_FOLDER_PATH}/YYCache.framework",
				"${TARGET_BUILD_DIR}/${FRAMEWORKS_FOLDER_PATH}/YYDispatchQueuePool.framework",
				"${TARGET_BUILD_DIR}/${FRAMEWORKS_FOLDER_PATH}/YYImage.framework",
				"${TARGET_BUILD_DIR}/${FRAMEWORKS_FOLDER_PATH}/YYKeyboardManager.framework",
				"${TARGET_BUILD_DIR}/${FRAMEWORKS_FOLDER_PATH}/YYModel.framework",
				"${TARGET_BUILD_DIR}/${FRAMEWORKS_FOLDER_PATH}/YYText.framework",
				"${TARGET_BUILD_DIR}/${FRAMEWORKS_FOLDER_PATH}/YYWebImage.framework",
				"${TARGET_BUILD_DIR}/${FRAMEWORKS_FOLDER_PATH}/pop.framework",
			);
			runOnlyForDeploymentPostprocessing = 0;
			shellPath = /bin/sh;
			shellScript = "\"${SRCROOT}/Pods/Target Support Files/Pods-WisnucBox/Pods-WisnucBox-frameworks.sh\"\n";
			showEnvVarsInLog = 0;
		};
/* End PBXShellScriptBuildPhase section */

/* Begin PBXSourcesBuildPhase section */
		F65035581FAC00A60007979D /* Sources */ = {
			isa = PBXSourcesBuildPhase;
			buildActionMask = 2147483647;
			files = (
				1F4D75C71FAC5EB500E6516C /* GCDAsyncSocket.m in Sources */,
				1F4D75AF1FAC4BB800E6516C /* FilesServices.m in Sources */,
				1F4D75AD1FAC4BB800E6516C /* WBLocalAsset+CoreDataProperties.m in Sources */,
				1F4D75B01FAC4BB800E6516C /* AssetsServices.m in Sources */,
				F65035671FAC00A60007979D /* ViewController.m in Sources */,
				1F4D75A61FAC4BB800E6516C /* DGPopUpViewTextView.m in Sources */,
				1F4D75A81FAC4BB800E6516C /* FMLoginTextField.m in Sources */,
				1F4D75BF1FAC5E3400E6516C /* ChooseAlertView.m in Sources */,
				1F4D75A91FAC4BB800E6516C /* FABaseVC.m in Sources */,
				F65035641FAC00A60007979D /* AppDelegate.m in Sources */,
				1F4D75A41FAC4BB800E6516C /* UserModel.m in Sources */,
				1F4D75B41FAC4BB800E6516C /* AppServices.m in Sources */,
				1F4D75AB1FAC4BB800E6516C /* WBLocalAsset+CoreDataClass.m in Sources */,
				1F4D75B31FAC4BB800E6516C /* NetServices.m in Sources */,
				1F4D759C1FAC4BB800E6516C /* UIButton+EnlargeEdge.m in Sources */,
				1F4D75CB1FAC5FF900E6516C /* FMCloudUserTableViewCell.m in Sources */,
				1F4D75AC1FAC4BB800E6516C /* WBUser+CoreDataClass.m in Sources */,
				1F4D75A51FAC4BB800E6516C /* FMSerachService.m in Sources */,
				1F4D759B1FAC4BB800E6516C /* UIImage+GKContact.m in Sources */,
				1F4D75AE1FAC4BB800E6516C /* WisnucBox.xcdatamodeld in Sources */,
				1F4D75A21FAC4BB800E6516C /* FMLoginViewController.m in Sources */,
				1F4D759F1FAC4BB800E6516C /* UIColor+fm_color.m in Sources */,
				1F4D75C61FAC5EB500E6516C /* GCDAsyncUdpSocket.m in Sources */,
				1F4D75AA1FAC4BB800E6516C /* WBUser+CoreDataProperties.m in Sources */,
				1F4D75B11FAC4BB800E6516C /* UserServices.m in Sources */,
				1F4D75D01FAC604100E6516C /* LoginTableViewCell.m in Sources */,
				1F4D75A01FAC4BB800E6516C /* SXLoadingView.m in Sources */,
				1F4D75A31FAC4BB800E6516C /* FMHandLoginVC.m in Sources */,
				1F4D75BB1FAC5D2400E6516C /* ServerBrowser.m in Sources */,
				1F4D75A11FAC4BB800E6516C /* FMUserLoginViewController.m in Sources */,
				1F4D759E1FAC4BB800E6516C /* UIColor+FM_UserHeadImage.m in Sources */,
				F65035611FAC00A60007979D /* main.m in Sources */,
				1F4D759D1FAC4BB800E6516C /* UIButton+Universal.m in Sources */,
				1F4D75B21FAC4BB800E6516C /* DBServices.m in Sources */,
			);
			runOnlyForDeploymentPostprocessing = 0;
		};
		F65035711FAC00A70007979D /* Sources */ = {
			isa = PBXSourcesBuildPhase;
			buildActionMask = 2147483647;
			files = (
				F650357A1FAC00A70007979D /* WisnucBoxTests.m in Sources */,
			);
			runOnlyForDeploymentPostprocessing = 0;
		};
		F650357C1FAC00A70007979D /* Sources */ = {
			isa = PBXSourcesBuildPhase;
			buildActionMask = 2147483647;
			files = (
				F65035851FAC00A70007979D /* WisnucBoxUITests.m in Sources */,
			);
			runOnlyForDeploymentPostprocessing = 0;
		};
/* End PBXSourcesBuildPhase section */

/* Begin PBXTargetDependency section */
		F65035771FAC00A70007979D /* PBXTargetDependency */ = {
			isa = PBXTargetDependency;
			target = F650355B1FAC00A60007979D /* WisnucBox */;
			targetProxy = F65035761FAC00A70007979D /* PBXContainerItemProxy */;
		};
		F65035821FAC00A70007979D /* PBXTargetDependency */ = {
			isa = PBXTargetDependency;
			target = F650355B1FAC00A60007979D /* WisnucBox */;
			targetProxy = F65035811FAC00A70007979D /* PBXContainerItemProxy */;
		};
/* End PBXTargetDependency section */

/* Begin PBXVariantGroup section */
		F65035681FAC00A70007979D /* Main.storyboard */ = {
			isa = PBXVariantGroup;
			children = (
				F65035691FAC00A70007979D /* Base */,
			);
			name = Main.storyboard;
			sourceTree = "<group>";
		};
		F650356D1FAC00A70007979D /* LaunchScreen.storyboard */ = {
			isa = PBXVariantGroup;
			children = (
				F650356E1FAC00A70007979D /* Base */,
			);
			name = LaunchScreen.storyboard;
			sourceTree = "<group>";
		};
/* End PBXVariantGroup section */

/* Begin XCBuildConfiguration section */
		F65035871FAC00A70007979D /* Debug */ = {
			isa = XCBuildConfiguration;
			buildSettings = {
				ALWAYS_SEARCH_USER_PATHS = NO;
				CLANG_ANALYZER_NONNULL = YES;
				CLANG_ANALYZER_NUMBER_OBJECT_CONVERSION = YES_AGGRESSIVE;
				CLANG_CXX_LANGUAGE_STANDARD = "gnu++0x";
				CLANG_CXX_LIBRARY = "libc++";
				CLANG_ENABLE_MODULES = YES;
				CLANG_ENABLE_OBJC_ARC = YES;
				CLANG_WARN_BOOL_CONVERSION = YES;
				CLANG_WARN_CONSTANT_CONVERSION = YES;
				CLANG_WARN_DIRECT_OBJC_ISA_USAGE = YES_ERROR;
				CLANG_WARN_DOCUMENTATION_COMMENTS = YES;
				CLANG_WARN_EMPTY_BODY = YES;
				CLANG_WARN_ENUM_CONVERSION = YES;
				CLANG_WARN_INFINITE_RECURSION = YES;
				CLANG_WARN_INT_CONVERSION = YES;
				CLANG_WARN_OBJC_ROOT_CLASS = YES_ERROR;
				CLANG_WARN_SUSPICIOUS_MOVE = YES;
				CLANG_WARN_UNREACHABLE_CODE = YES;
				CLANG_WARN__DUPLICATE_METHOD_MATCH = YES;
				"CODE_SIGN_IDENTITY[sdk=iphoneos*]" = "iPhone Developer";
				COPY_PHASE_STRIP = NO;
				DEBUG_INFORMATION_FORMAT = dwarf;
				ENABLE_STRICT_OBJC_MSGSEND = YES;
				ENABLE_TESTABILITY = YES;
				GCC_C_LANGUAGE_STANDARD = gnu99;
				GCC_DYNAMIC_NO_PIC = NO;
				GCC_NO_COMMON_BLOCKS = YES;
				GCC_OPTIMIZATION_LEVEL = 0;
				GCC_PREPROCESSOR_DEFINITIONS = (
					"DEBUG=1",
					"$(inherited)",
				);
				GCC_WARN_64_TO_32_BIT_CONVERSION = YES;
				GCC_WARN_ABOUT_RETURN_TYPE = YES_ERROR;
				GCC_WARN_UNDECLARED_SELECTOR = YES;
				GCC_WARN_UNINITIALIZED_AUTOS = YES_AGGRESSIVE;
				GCC_WARN_UNUSED_FUNCTION = YES;
				GCC_WARN_UNUSED_VARIABLE = YES;
				IPHONEOS_DEPLOYMENT_TARGET = 10.3;
				MTL_ENABLE_DEBUG_INFO = YES;
				ONLY_ACTIVE_ARCH = YES;
				SDKROOT = iphoneos;
				TARGETED_DEVICE_FAMILY = "1,2";
			};
			name = Debug;
		};
		F65035881FAC00A70007979D /* Release */ = {
			isa = XCBuildConfiguration;
			buildSettings = {
				ALWAYS_SEARCH_USER_PATHS = NO;
				CLANG_ANALYZER_NONNULL = YES;
				CLANG_ANALYZER_NUMBER_OBJECT_CONVERSION = YES_AGGRESSIVE;
				CLANG_CXX_LANGUAGE_STANDARD = "gnu++0x";
				CLANG_CXX_LIBRARY = "libc++";
				CLANG_ENABLE_MODULES = YES;
				CLANG_ENABLE_OBJC_ARC = YES;
				CLANG_WARN_BOOL_CONVERSION = YES;
				CLANG_WARN_CONSTANT_CONVERSION = YES;
				CLANG_WARN_DIRECT_OBJC_ISA_USAGE = YES_ERROR;
				CLANG_WARN_DOCUMENTATION_COMMENTS = YES;
				CLANG_WARN_EMPTY_BODY = YES;
				CLANG_WARN_ENUM_CONVERSION = YES;
				CLANG_WARN_INFINITE_RECURSION = YES;
				CLANG_WARN_INT_CONVERSION = YES;
				CLANG_WARN_OBJC_ROOT_CLASS = YES_ERROR;
				CLANG_WARN_SUSPICIOUS_MOVE = YES;
				CLANG_WARN_UNREACHABLE_CODE = YES;
				CLANG_WARN__DUPLICATE_METHOD_MATCH = YES;
				"CODE_SIGN_IDENTITY[sdk=iphoneos*]" = "iPhone Developer";
				COPY_PHASE_STRIP = NO;
				DEBUG_INFORMATION_FORMAT = "dwarf-with-dsym";
				ENABLE_NS_ASSERTIONS = NO;
				ENABLE_STRICT_OBJC_MSGSEND = YES;
				GCC_C_LANGUAGE_STANDARD = gnu99;
				GCC_NO_COMMON_BLOCKS = YES;
				GCC_WARN_64_TO_32_BIT_CONVERSION = YES;
				GCC_WARN_ABOUT_RETURN_TYPE = YES_ERROR;
				GCC_WARN_UNDECLARED_SELECTOR = YES;
				GCC_WARN_UNINITIALIZED_AUTOS = YES_AGGRESSIVE;
				GCC_WARN_UNUSED_FUNCTION = YES;
				GCC_WARN_UNUSED_VARIABLE = YES;
				IPHONEOS_DEPLOYMENT_TARGET = 10.3;
				MTL_ENABLE_DEBUG_INFO = NO;
				SDKROOT = iphoneos;
				TARGETED_DEVICE_FAMILY = "1,2";
				VALIDATE_PRODUCT = YES;
			};
			name = Release;
		};
		F650358A1FAC00A70007979D /* Debug */ = {
			isa = XCBuildConfiguration;
			baseConfigurationReference = 1F244D9D3BCB4706DAFC363E /* Pods-WisnucBox.debug.xcconfig */;
			buildSettings = {
				ASSETCATALOG_COMPILER_APPICON_NAME = AppIcon;
				DEVELOPMENT_TEAM = 8SC32MU7TG;
				GCC_PRECOMPILE_PREFIX_HEADER = YES;
				GCC_PREFIX_HEADER = WisnucBox/Common/default.pch;
				INFOPLIST_FILE = WisnucBox/Info.plist;
				LD_RUNPATH_SEARCH_PATHS = "$(inherited) @executable_path/Frameworks";
				PRODUCT_BUNDLE_IDENTIFIER = com.wisnuc.WisnucBox;
				PRODUCT_NAME = "$(TARGET_NAME)";
			};
			name = Debug;
		};
		F650358B1FAC00A70007979D /* Release */ = {
			isa = XCBuildConfiguration;
			baseConfigurationReference = B0D3F6BCD083EB684E36A713 /* Pods-WisnucBox.release.xcconfig */;
			buildSettings = {
				ASSETCATALOG_COMPILER_APPICON_NAME = AppIcon;
				DEVELOPMENT_TEAM = 8SC32MU7TG;
				GCC_PRECOMPILE_PREFIX_HEADER = YES;
				GCC_PREFIX_HEADER = WisnucBox/Common/default.pch;
				INFOPLIST_FILE = WisnucBox/Info.plist;
				LD_RUNPATH_SEARCH_PATHS = "$(inherited) @executable_path/Frameworks";
				PRODUCT_BUNDLE_IDENTIFIER = com.wisnuc.WisnucBox;
				PRODUCT_NAME = "$(TARGET_NAME)";
			};
			name = Release;
		};
		F650358D1FAC00A70007979D /* Debug */ = {
			isa = XCBuildConfiguration;
			buildSettings = {
				BUNDLE_LOADER = "$(TEST_HOST)";
				DEVELOPMENT_TEAM = 8SC32MU7TG;
				INFOPLIST_FILE = WisnucBoxTests/Info.plist;
				LD_RUNPATH_SEARCH_PATHS = "$(inherited) @executable_path/Frameworks @loader_path/Frameworks";
				PRODUCT_BUNDLE_IDENTIFIER = com.wisnuc.WisnucBoxTests;
				PRODUCT_NAME = "$(TARGET_NAME)";
				TEST_HOST = "$(BUILT_PRODUCTS_DIR)/WisnucBox.app/WisnucBox";
			};
			name = Debug;
		};
		F650358E1FAC00A70007979D /* Release */ = {
			isa = XCBuildConfiguration;
			buildSettings = {
				BUNDLE_LOADER = "$(TEST_HOST)";
				DEVELOPMENT_TEAM = 8SC32MU7TG;
				INFOPLIST_FILE = WisnucBoxTests/Info.plist;
				LD_RUNPATH_SEARCH_PATHS = "$(inherited) @executable_path/Frameworks @loader_path/Frameworks";
				PRODUCT_BUNDLE_IDENTIFIER = com.wisnuc.WisnucBoxTests;
				PRODUCT_NAME = "$(TARGET_NAME)";
				TEST_HOST = "$(BUILT_PRODUCTS_DIR)/WisnucBox.app/WisnucBox";
			};
			name = Release;
		};
		F65035901FAC00A70007979D /* Debug */ = {
			isa = XCBuildConfiguration;
			buildSettings = {
				DEVELOPMENT_TEAM = 8SC32MU7TG;
				INFOPLIST_FILE = WisnucBoxUITests/Info.plist;
				LD_RUNPATH_SEARCH_PATHS = "$(inherited) @executable_path/Frameworks @loader_path/Frameworks";
				PRODUCT_BUNDLE_IDENTIFIER = com.wisnuc.WisnucBoxUITests;
				PRODUCT_NAME = "$(TARGET_NAME)";
				TEST_TARGET_NAME = WisnucBox;
			};
			name = Debug;
		};
		F65035911FAC00A70007979D /* Release */ = {
			isa = XCBuildConfiguration;
			buildSettings = {
				DEVELOPMENT_TEAM = 8SC32MU7TG;
				INFOPLIST_FILE = WisnucBoxUITests/Info.plist;
				LD_RUNPATH_SEARCH_PATHS = "$(inherited) @executable_path/Frameworks @loader_path/Frameworks";
				PRODUCT_BUNDLE_IDENTIFIER = com.wisnuc.WisnucBoxUITests;
				PRODUCT_NAME = "$(TARGET_NAME)";
				TEST_TARGET_NAME = WisnucBox;
			};
			name = Release;
		};
/* End XCBuildConfiguration section */

/* Begin XCConfigurationList section */
		F65035571FAC00A60007979D /* Build configuration list for PBXProject "WisnucBox" */ = {
			isa = XCConfigurationList;
			buildConfigurations = (
				F65035871FAC00A70007979D /* Debug */,
				F65035881FAC00A70007979D /* Release */,
			);
			defaultConfigurationIsVisible = 0;
			defaultConfigurationName = Release;
		};
		F65035891FAC00A70007979D /* Build configuration list for PBXNativeTarget "WisnucBox" */ = {
			isa = XCConfigurationList;
			buildConfigurations = (
				F650358A1FAC00A70007979D /* Debug */,
				F650358B1FAC00A70007979D /* Release */,
			);
			defaultConfigurationIsVisible = 0;
			defaultConfigurationName = Release;
		};
		F650358C1FAC00A70007979D /* Build configuration list for PBXNativeTarget "WisnucBoxTests" */ = {
			isa = XCConfigurationList;
			buildConfigurations = (
				F650358D1FAC00A70007979D /* Debug */,
				F650358E1FAC00A70007979D /* Release */,
			);
			defaultConfigurationIsVisible = 0;
			defaultConfigurationName = Release;
		};
		F650358F1FAC00A70007979D /* Build configuration list for PBXNativeTarget "WisnucBoxUITests" */ = {
			isa = XCConfigurationList;
			buildConfigurations = (
				F65035901FAC00A70007979D /* Debug */,
				F65035911FAC00A70007979D /* Release */,
			);
			defaultConfigurationIsVisible = 0;
			defaultConfigurationName = Release;
		};
/* End XCConfigurationList section */

/* Begin XCVersionGroup section */
		1F4D758B1FAC4BB800E6516C /* WisnucBox.xcdatamodeld */ = {
			isa = XCVersionGroup;
			children = (
				1F4D758C1FAC4BB800E6516C /* WisnucBox.xcdatamodel */,
			);
			currentVersion = 1F4D758C1FAC4BB800E6516C /* WisnucBox.xcdatamodel */;
			path = WisnucBox.xcdatamodeld;
			sourceTree = "<group>";
			versionGroupType = wrapper.xcdatamodel;
		};
/* End XCVersionGroup section */
	};
	rootObject = F65035541FAC00A60007979D /* Project object */;
}
